
Microsoft Visual Studio Solution File, Format Version 12.00
# Visual Studio Version 17
VisualStudioVersion = 17.9.34728.123
MinimumVisualStudioVersion = 10.0.40219.1
Project("{FAE04EC0-301F-11D3-BF4B-00C04F79EFBC}") = "busan_map", "busan_map\busan_map.csproj", "{A03E548C-ADA6-48A2-BD6F-3C91B4B80D8C}"
EndProject
Global
	GlobalSection(SolutionConfigurationPlatforms) = preSolution
		Debug|Any CPU = Debug|Any CPU
		Release|Any CPU = Release|Any CPU
	EndGlobalSection
	GlobalSection(ProjectConfigurationPlatforms) = postSolution
		{A03E548C-ADA6-48A2-BD6F-3C91B4B80D8C}.Debug|Any CPU.ActiveCfg = Debug|Any CPU
		{A03E548C-ADA6-48A2-BD6F-3C91B4B80D8C}.Debug|Any CPU.Build.0 = Debug|Any CPU
		{A03E548C-ADA6-48A2-BD6F-3C91B4B80D8C}.Release|Any CPU.ActiveCfg = Release|Any CPU
		{A03E548C-ADA6-48A2-BD6F-3C91B4B80D8C}.Release|Any CPU.Build.0 = Release|Any CPU
	EndGlobalSection
	GlobalSection(SolutionProperties) = preSolution
		HideSolutionNode = FALSE
	EndGlobalSection
	GlobalSection(ExtensibilityGlobals) = postSolution
		SolutionGuid = {D0FB008B-5C16-47AC-8662-0843A682A691}
	EndGlobalSection
EndGlobal
