
Microsoft Visual Studio Solution File, Format Version 12.00
# Visual Studio Version 17
VisualStudioVersion = 17.9.34728.123
MinimumVisualStudioVersion = 10.0.40219.1
Project("{9A19103F-16F7-4668-BE54-9A1E7A4F7556}") = "ex06_caliburn_basic", "ex06_caliburn_basic\ex06_caliburn_basic.csproj", "{A22FBDD0-F243-44E5-9876-D17930337191}"
EndProject
Project("{2150E333-8FDC-42A3-9474-1A3956D46DE8}") = "새 폴더1", "새 폴더1", "{85CAECC1-0E5F-4833-B03B-2132593D18AC}"
EndProject
Project("{FAE04EC0-301F-11D3-BF4B-00C04F79EFBC}") = "ex07_EmployeeMngApp", "ex07_EmployeeMngApp\ex07_EmployeeMngApp.csproj", "{34A76CCA-BDD9-4457-8087-0C06AEEE0892}"
EndProject
Global
	GlobalSection(SolutionConfigurationPlatforms) = preSolution
		Debug|Any CPU = Debug|Any CPU
		Release|Any CPU = Release|Any CPU
	EndGlobalSection
	GlobalSection(ProjectConfigurationPlatforms) = postSolution
		{A22FBDD0-F243-44E5-9876-D17930337191}.Debug|Any CPU.ActiveCfg = Debug|Any CPU
		{A22FBDD0-F243-44E5-9876-D17930337191}.Debug|Any CPU.Build.0 = Debug|Any CPU
		{A22FBDD0-F243-44E5-9876-D17930337191}.Release|Any CPU.ActiveCfg = Release|Any CPU
		{A22FBDD0-F243-44E5-9876-D17930337191}.Release|Any CPU.Build.0 = Release|Any CPU
		{34A76CCA-BDD9-4457-8087-0C06AEEE0892}.Debug|Any CPU.ActiveCfg = Debug|Any CPU
		{34A76CCA-BDD9-4457-8087-0C06AEEE0892}.Debug|Any CPU.Build.0 = Debug|Any CPU
		{34A76CCA-BDD9-4457-8087-0C06AEEE0892}.Release|Any CPU.ActiveCfg = Release|Any CPU
		{34A76CCA-BDD9-4457-8087-0C06AEEE0892}.Release|Any CPU.Build.0 = Release|Any CPU
	EndGlobalSection
	GlobalSection(SolutionProperties) = preSolution
		HideSolutionNode = FALSE
	EndGlobalSection
	GlobalSection(ExtensibilityGlobals) = postSolution
		SolutionGuid = {4C7BE132-2ACA-41C4-BA6A-ABE905941BD4}
	EndGlobalSection
EndGlobal
