
Microsoft Visual Studio Solution File, Format Version 12.00
# Visual Studio Version 17
VisualStudioVersion = 17.9.34728.123
MinimumVisualStudioVersion = 10.0.40219.1
Project("{FAE04EC0-301F-11D3-BF4B-00C04F79EFBC}") = "BusanFoodmap", "BusanFoodmap\BusanFoodmap.csproj", "{D2B5EFE3-39A4-42A6-A2ED-9EE627EA3702}"
EndProject
Global
	GlobalSection(SolutionConfigurationPlatforms) = preSolution
		Debug|Any CPU = Debug|Any CPU
		Release|Any CPU = Release|Any CPU
	EndGlobalSection
	GlobalSection(ProjectConfigurationPlatforms) = postSolution
		{D2B5EFE3-39A4-42A6-A2ED-9EE627EA3702}.Debug|Any CPU.ActiveCfg = Debug|Any CPU
		{D2B5EFE3-39A4-42A6-A2ED-9EE627EA3702}.Debug|Any CPU.Build.0 = Debug|Any CPU
		{D2B5EFE3-39A4-42A6-A2ED-9EE627EA3702}.Release|Any CPU.ActiveCfg = Release|Any CPU
		{D2B5EFE3-39A4-42A6-A2ED-9EE627EA3702}.Release|Any CPU.Build.0 = Release|Any CPU
	EndGlobalSection
	GlobalSection(SolutionProperties) = preSolution
		HideSolutionNode = FALSE
	EndGlobalSection
	GlobalSection(ExtensibilityGlobals) = postSolution
		SolutionGuid = {87FF3729-F4BA-4A32-94CC-713DB2D6596A}
	EndGlobalSection
EndGlobal
