
Microsoft Visual Studio Solution File, Format Version 12.00
# Visual Studio Version 17
VisualStudioVersion = 17.9.34728.123
MinimumVisualStudioVersion = 10.0.40219.1
Project("{FAE04EC0-301F-11D3-BF4B-00C04F79EFBC}") = "ex05_wpf_bikeshop", "ex05_wpf_bikeshop\ex05_wpf_bikeshop.csproj", "{34BD0186-EDCB-47FA-8DE5-12A2C1ABA788}"
EndProject
Project("{2150E333-8FDC-42A3-9474-1A3956D46DE8}") = "솔루션 항목", "솔루션 항목", "{E55DAB26-3C47-4927-A1D6-829BC57DE3AF}"
EndProject
Global
	GlobalSection(SolutionConfigurationPlatforms) = preSolution
		Debug|Any CPU = Debug|Any CPU
		Release|Any CPU = Release|Any CPU
	EndGlobalSection
	GlobalSection(ProjectConfigurationPlatforms) = postSolution
		{34BD0186-EDCB-47FA-8DE5-12A2C1ABA788}.Debug|Any CPU.ActiveCfg = Debug|Any CPU
		{34BD0186-EDCB-47FA-8DE5-12A2C1ABA788}.Debug|Any CPU.Build.0 = Debug|Any CPU
		{34BD0186-EDCB-47FA-8DE5-12A2C1ABA788}.Release|Any CPU.ActiveCfg = Release|Any CPU
		{34BD0186-EDCB-47FA-8DE5-12A2C1ABA788}.Release|Any CPU.Build.0 = Release|Any CPU
	EndGlobalSection
	GlobalSection(SolutionProperties) = preSolution
		HideSolutionNode = FALSE
	EndGlobalSection
	GlobalSection(ExtensibilityGlobals) = postSolution
		SolutionGuid = {A8D21965-158C-49EE-8957-F3BB53C7C5F2}
	EndGlobalSection
EndGlobal
