
Microsoft Visual Studio Solution File, Format Version 12.00
# Visual Studio Version 17
VisualStudioVersion = 17.9.34728.123
MinimumVisualStudioVersion = 10.0.40219.1
Project("{FAE04EC0-301F-11D3-BF4B-00C04F79EFBC}") = "ex05_wpf_bikeshop", "ex05_wpf_bikeshop\ex05_wpf_bikeshop.csproj", "{EF64CAF6-4A84-4FE0-A654-FECBD2939D51}"
EndProject
Global
	GlobalSection(SolutionConfigurationPlatforms) = preSolution
		Debug|Any CPU = Debug|Any CPU
		Release|Any CPU = Release|Any CPU
	EndGlobalSection
	GlobalSection(ProjectConfigurationPlatforms) = postSolution
		{EF64CAF6-4A84-4FE0-A654-FECBD2939D51}.Debug|Any CPU.ActiveCfg = Debug|Any CPU
		{EF64CAF6-4A84-4FE0-A654-FECBD2939D51}.Debug|Any CPU.Build.0 = Debug|Any CPU
		{EF64CAF6-4A84-4FE0-A654-FECBD2939D51}.Release|Any CPU.ActiveCfg = Release|Any CPU
		{EF64CAF6-4A84-4FE0-A654-FECBD2939D51}.Release|Any CPU.Build.0 = Release|Any CPU
	EndGlobalSection
	GlobalSection(SolutionProperties) = preSolution
		HideSolutionNode = FALSE
	EndGlobalSection
	GlobalSection(ExtensibilityGlobals) = postSolution
		SolutionGuid = {BE7568E1-379F-4123-968F-CC3105E60591}
	EndGlobalSection
EndGlobal
